// !$*UTF8*$!
{
	archiveVersion = 1;
	classes = {
	};
	objectVersion = 46;
	objects = {

/* Begin PBXBuildFile section */
		327E306B1B7AC88F00F5716B /* AppDelegate.swift in Sources */ = {isa = PBXBuildFile; fileRef = 327E306A1B7AC88F00F5716B /* AppDelegate.swift */; };
		327E306D1B7AC88F00F5716B /* ViewController.swift in Sources */ = {isa = PBXBuildFile; fileRef = 327E306C1B7AC88F00F5716B /* ViewController.swift */; };
		327E30701B7AC88F00F5716B /* Main.storyboard in Resources */ = {isa = PBXBuildFile; fileRef = 327E306E1B7AC88F00F5716B /* Main.storyboard */; };
		327E30721B7AC88F00F5716B /* Assets.xcassets in Resources */ = {isa = PBXBuildFile; fileRef = 327E30711B7AC88F00F5716B /* Assets.xcassets */; };
		327E30751B7AC88F00F5716B /* LaunchScreen.storyboard in Resources */ = {isa = PBXBuildFile; fileRef = 327E30731B7AC88F00F5716B /* LaunchScreen.storyboard */; };
/* End PBXBuildFile section */

/* Begin PBXFileReference section */
		327E30671B7AC88F00F5716B /* Where Am I.app */ = {isa = PBXFileReference; explicitFileType = wrapper.application; includeInIndex = 0; path = "Where Am I.app"; sourceTree = BUILT_PRODUCTS_DIR; };
		327E306A1B7AC88F00F5716B /* AppDelegate.swift */ = {isa = PBXFileReference; lastKnownFileType = sourcecode.swift; path = AppDelegate.swift; sourceTree = "<group>"; };
		327E306C1B7AC88F00F5716B /* ViewController.swift */ = {isa = PBXFileReference; lastKnownFileType = sourcecode.swift; path = ViewController.swift; sourceTree = "<group>"; };
		327E306F1B7AC88F00F5716B /* Base */ = {isa = PBXFileReference; lastKnownFileType = file.storyboard; name = Base; path = Base.lproj/Main.storyboard; sourceTree = "<group>"; };
		327E30711B7AC88F00F5716B /* Assets.xcassets */ = {isa = PBXFileReference; lastKnownFileType = folder.assetcatalog; path = Assets.xcassets; sourceTree = "<group>"; };
		327E30741B7AC88F00F5716B /* Base */ = {isa = PBXFileReference; lastKnownFileType = file.storyboard; name = Base; path = Base.lproj/LaunchScreen.storyboard; sourceTree = "<group>"; };
		327E30761B7AC88F00F5716B /* Info.plist */ = {isa = PBXFileReference; lastKnownFileType = text.plist.xml; path = Info.plist; sourceTree = "<group>"; };
/* End PBXFileReference section */

/* Begin PBXFrameworksBuildPhase section */
		327E30641B7AC88F00F5716B /* Frameworks */ = {
			isa = PBXFrameworksBuildPhase;
			buildActionMask = 2147483647;
			files = (
			);
			runOnlyForDeploymentPostprocessing = 0;
		};
/* End PBXFrameworksBuildPhase section */

/* Begin PBXGroup section */
		327E305E1B7AC88F00F5716B = {
			isa = PBXGroup;
			children = (
				327E30691B7AC88F00F5716B /* Where Am I */,
				327E30681B7AC88F00F5716B /* Products */,
			);
			sourceTree = "<group>";
		};
		327E30681B7AC88F00F5716B /* Products */ = {
			isa = PBXGroup;
			children = (
				327E30671B7AC88F00F5716B /* Where Am I.app */,
			);
			name = Products;
			sourceTree = "<group>";
		};
		327E30691B7AC88F00F5716B /* Where Am I */ = {
			isa = PBXGroup;
			children = (
				327E306A1B7AC88F00F5716B /* AppDelegate.swift */,
				327E306C1B7AC88F00F5716B /* ViewController.swift */,
				327E306E1B7AC88F00F5716B /* Main.storyboard */,
				327E30711B7AC88F00F5716B /* Assets.xcassets */,
				327E30731B7AC88F00F5716B /* LaunchScreen.storyboard */,
				327E30761B7AC88F00F5716B /* Info.plist */,
			);
			path = "Where Am I";
			sourceTree = "<group>";
		};
/* End PBXGroup section */

/* Begin PBXNativeTarget section */
		327E30661B7AC88F00F5716B /* Where Am I */ = {
			isa = PBXNativeTarget;
			buildConfigurationList = 327E30791B7AC88F00F5716B /* Build configuration list for PBXNativeTarget "Where Am I" */;
			buildPhases = (
				327E30631B7AC88F00F5716B /* Sources */,
				327E30641B7AC88F00F5716B /* Frameworks */,
				327E30651B7AC88F00F5716B /* Resources */,
			);
			buildRules = (
			);
			dependencies = (
			);
			name = "Where Am I";
			productName = "Where Am I";
			productReference = 327E30671B7AC88F00F5716B /* Where Am I.app */;
			productType = "com.apple.product-type.application";
		};
/* End PBXNativeTarget section */

/* Begin PBXProject section */
		327E305F1B7AC88F00F5716B /* Project object */ = {
			isa = PBXProject;
			attributes = {
				LastUpgradeCheck = 0700;
				ORGANIZATIONNAME = TangWeichang;
				TargetAttributes = {
					327E30661B7AC88F00F5716B = {
						CreatedOnToolsVersion = 7.0;
					};
				};
			};
			buildConfigurationList = 327E30621B7AC88F00F5716B /* Build configuration list for PBXProject "Where Am I" */;
			compatibilityVersion = "Xcode 3.2";
			developmentRegion = English;
			hasScannedForEncodings = 0;
			knownRegions = (
				en,
				Base,
			);
			mainGroup = 327E305E1B7AC88F00F5716B;
			productRefGroup = 327E30681B7AC88F00F5716B /* Products */;
			projectDirPath = "";
			projectRoot = "";
			targets = (
				327E30661B7AC88F00F5716B /* Where Am I */,
			);
		};
/* End PBXProject section */

/* Begin PBXResourcesBuildPhase section */
		327E30651B7AC88F00F5716B /* Resources */ = {
			isa = PBXResourcesBuildPhase;
			buildActionMask = 2147483647;
			files = (
				327E30751B7AC88F00F5716B /* LaunchScreen.storyboard in Resources */,
				327E30721B7AC88F00F5716B /* Assets.xcassets in Resources */,
				327E30701B7AC88F00F5716B /* Main.storyboard in Resources */,
			);
			runOnlyForDeploymentPostprocessing = 0;
		};
/* End PBXResourcesBuildPhase section */

/* Begin PBXSourcesBuildPhase section */
		327E30631B7AC88F00F5716B /* Sources */ = {
			isa = PBXSourcesBuildPhase;
			buildActionMask = 2147483647;
			files = (
				327E306D1B7AC88F00F5716B /* ViewController.swift in Sources */,
				327E306B1B7AC88F00F5716B /* AppDelegate.swift in Sources */,
			);
			runOnlyForDeploymentPostprocessing = 0;
		};
/* End PBXSourcesBuildPhase section */

/* Begin PBXVariantGroup section */
		327E306E1B7AC88F00F5716B /* Main.storyboard */ = {
			isa = PBXVariantGroup;
			children = (
				327E306F1B7AC88F00F5716B /* Base */,
			);
			name = Main.storyboard;
			sourceTree = "<group>";
		};
		327E30731B7AC88F00F5716B /* LaunchScreen.storyboard */ = {
			isa = PBXVariantGroup;
			children = (
				327E30741B7AC88F00F5716B /* Base */,
			);
			name = LaunchScreen.storyboard;
			sourceTree = "<group>";
		};
/* End PBXVariantGroup section */

/* Begin XCBuildConfiguration section */
		327E30771B7AC88F00F5716B /* Debug */ = {
			isa = XCBuildConfiguration;
			buildSettings = {
				ALWAYS_SEARCH_USER_PATHS = NO;
				CLANG_CXX_LANGUAGE_STANDARD = "gnu++0x";
				CLANG_CXX_LIBRARY = "libc++";
				CLANG_ENABLE_MODULES = YES;
				CLANG_ENABLE_OBJC_ARC = YES;
				CLANG_WARN_BOOL_CONVERSION = YES;
				CLANG_WARN_CONSTANT_CONVERSION = YES;
				CLANG_WARN_DIRECT_OBJC_ISA_USAGE = YES_ERROR;
				CLANG_WARN_EMPTY_BODY = YES;
				CLANG_WARN_ENUM_CONVERSION = YES;
				CLANG_WARN_INT_CONVERSION = YES;
				CLANG_WARN_OBJC_ROOT_CLASS = YES_ERROR;
				CLANG_WARN_UNREACHABLE_CODE = YES;
				CLANG_WARN__DUPLICATE_METHOD_MATCH = YES;
				"CODE_SIGN_IDENTITY[sdk=iphoneos*]" = "iPhone Developer";
				COPY_PHASE_STRIP = NO;
				DEBUG_INFORMATION_FORMAT = dwarf;
				ENABLE_STRICT_OBJC_MSGSEND = YES;
				ENABLE_TESTABILITY = YES;
				GCC_C_LANGUAGE_STANDARD = gnu99;
				GCC_DYNAMIC_NO_PIC = NO;
				GCC_NO_COMMON_BLOCKS = YES;
				GCC_OPTIMIZATION_LEVEL = 0;
				GCC_PREPROCESSOR_DEFINITIONS = (
					"DEBUG=1",
					"$(inherited)",
				);
				GCC_WARN_64_TO_32_BIT_CONVERSION = YES;
				GCC_WARN_ABOUT_RETURN_TYPE = YES_ERROR;
				GCC_WARN_UNDECLARED_SELECTOR = YES;
				GCC_WARN_UNINITIALIZED_AUTOS = YES_AGGRESSIVE;
				GCC_WARN_UNUSED_FUNCTION = YES;
				GCC_WARN_UNUSED_VARIABLE = YES;
				IPHONEOS_DEPLOYMENT_TARGET = 9.0;
				MTL_ENABLE_DEBUG_INFO = YES;
				ONLY_ACTIVE_ARCH = YES;
				SDKROOT = iphoneos;
				SWIFT_OPTIMIZATION_LEVEL = "-Onone";
			};
			name = Debug;
		};
		327E30781B7AC88F00F5716B /* Release */ = {
			isa = XCBuildConfiguration;
			buildSettings = {
				ALWAYS_SEARCH_USER_PATHS = NO;
				CLANG_CXX_LANGUAGE_STANDARD = "gnu++0x";
				CLANG_CXX_LIBRARY = "libc++";
				CLANG_ENABLE_MODULES = YES;
				CLANG_ENABLE_OBJC_ARC = YES;
				CLANG_WARN_BOOL_CONVERSION = YES;
				CLANG_WARN_CONSTANT_CONVERSION = YES;
				CLANG_WARN_DIRECT_OBJC_ISA_USAGE = YES_ERROR;
				CLANG_WARN_EMPTY_BODY = YES;
				CLANG_WARN_ENUM_CONVERSION = YES;
				CLANG_WARN_INT_CONVERSION = YES;
				CLANG_WARN_OBJC_ROOT_CLASS = YES_ERROR;
				CLANG_WARN_UNREACHABLE_CODE = YES;
				CLANG_WARN__DUPLICATE_METHOD_MATCH = YES;
				"CODE_SIGN_IDENTITY[sdk=iphoneos*]" = "iPhone Developer";
				COPY_PHASE_STRIP = NO;
				DEBUG_INFORMATION_FORMAT = "dwarf-with-dsym";
				ENABLE_NS_ASSERTIONS = NO;
				ENABLE_STRICT_OBJC_MSGSEND = YES;
				GCC_C_LANGUAGE_STANDARD = gnu99;
				GCC_NO_COMMON_BLOCKS = YES;
				GCC_WARN_64_TO_32_BIT_CONVERSION = YES;
				GCC_WARN_ABOUT_RETURN_TYPE = YES_ERROR;
				GCC_WARN_UNDECLARED_SELECTOR = YES;
				GCC_WARN_UNINITIALIZED_AUTOS = YES_AGGRESSIVE;
				GCC_WARN_UNUSED_FUNCTION = YES;
				GCC_WARN_UNUSED_VARIABLE = YES;
				IPHONEOS_DEPLOYMENT_TARGET = 9.0;
				MTL_ENABLE_DEBUG_INFO = NO;
				SDKROOT = iphoneos;
				VALIDATE_PRODUCT = YES;
			};
			name = Release;
		};
		327E307A1B7AC88F00F5716B /* Debug */ = {
			isa = XCBuildConfiguration;
			buildSettings = {
				ASSETCATALOG_COMPILER_APPICON_NAME = AppIcon;
				INFOPLIST_FILE = "Where Am I/Info.plist";
				LD_RUNPATH_SEARCH_PATHS = "$(inherited) @executable_path/Frameworks";
				PRODUCT_BUNDLE_IDENTIFIER = "weichang.apptry.Where-Am-I";
				PRODUCT_NAME = "$(TARGET_NAME)";
			};
			name = Debug;
		};
		327E307B1B7AC88F00F5716B /* Release */ = {
			isa = XCBuildConfiguration;
			buildSettings = {
				ASSETCATALOG_COMPILER_APPICON_NAME = AppIcon;
				INFOPLIST_FILE = "Where Am I/Info.plist";
				LD_RUNPATH_SEARCH_PATHS = "$(inherited) @executable_path/Frameworks";
				PRODUCT_BUNDLE_IDENTIFIER = "weichang.apptry.Where-Am-I";
				PRODUCT_NAME = "$(TARGET_NAME)";
			};
			name = Release;
		};
/* End XCBuildConfiguration section */

/* Begin XCConfigurationList section */
		327E30621B7AC88F00F5716B /* Build configuration list for PBXProject "Where Am I" */ = {
			isa = XCConfigurationList;
			buildConfigurations = (
				327E30771B7AC88F00F5716B /* Debug */,
				327E30781B7AC88F00F5716B /* Release */,
			);
			defaultConfigurationIsVisible = 0;
			defaultConfigurationName = Release;
		};
		327E30791B7AC88F00F5716B /* Build configuration list for PBXNativeTarget "Where Am I" */ = {
			isa = XCConfigurationList;
			buildConfigurations = (
				327E307A1B7AC88F00F5716B /* Debug */,
				327E307B1B7AC88F00F5716B /* Release */,
			);
			defaultConfigurationIsVisible = 0;
		};
/* End XCConfigurationList section */
	};
	rootObject = 327E305F1B7AC88F00F5716B /* Project object */;
}
